
Microsoft Visual Studio Solution File, Format Version 12.00
# Visual Studio Version 16
VisualStudioVersion = 16.0.29102.190
MinimumVisualStudioVersion = 10.0.40219.1
Project("{FAE04EC0-301F-11D3-BF4B-00C04F79EFBC}") = "ComicBookGallery", "ComicBookGallery.csproj", "{3332CE11-8631-44F4-B4A7-A0B45722AFD4}"
EndProject
Global
	GlobalSection(SolutionConfigurationPlatforms) = preSolution
		Debug|Any CPU = Debug|Any CPU
		Release|Any CPU = Release|Any CPU
	EndGlobalSection
	GlobalSection(ProjectConfigurationPlatforms) = postSolution
		{3332CE11-8631-44F4-B4A7-A0B45722AFD4}.Debug|Any CPU.ActiveCfg = Debug|Any CPU
		{3332CE11-8631-44F4-B4A7-A0B45722AFD4}.Debug|Any CPU.Build.0 = Debug|Any CPU
		{3332CE11-8631-44F4-B4A7-A0B45722AFD4}.Release|Any CPU.ActiveCfg = Release|Any CPU
		{3332CE11-8631-44F4-B4A7-A0B45722AFD4}.Release|Any CPU.Build.0 = Release|Any CPU
	EndGlobalSection
	GlobalSection(SolutionProperties) = preSolution
		HideSolutionNode = FALSE
	EndGlobalSection
	GlobalSection(ExtensibilityGlobals) = postSolution
		SolutionGuid = {896CA84F-A061-49FB-A3EC-F6913AB7FCD0}
	EndGlobalSection
EndGlobal
